{
  "version": 4,
  "terraform_version": "1.9.8",
  "serial": 156,
  "lineage": "2a1aa9a2-a70a-06ad-6704-8d5346370dda",
  "outputs": {
    "instance_details": {
      "value": {
        "instance_id": "i-0b712f2edff4aceea",
        "instance_name": "PublicInstance",
        "instance_private_ip": "10.0.1.53",
        "instance_public_ip": "3.235.165.151",
        "security_group_id": "sg-0d28e1ef7be5c1048",
        "subnet_id": "subnet-0c336320eb190d4b4"
      },
      "type": [
        "object",
        {
          "instance_id": "string",
          "instance_name": "string",
          "instance_private_ip": "string",
          "instance_public_ip": "string",
          "security_group_id": "string",
          "subnet_id": "string"
        }
      ]
    }
  },
  "resources": [
    {
      "mode": "managed",
      "type": "aws_instance",
      "name": "public_instance",
      "provider": "provider[\"registry.terraform.io/hashicorp/aws\"]",
      "instances": [
        {
          "schema_version": 1,
          "attributes": {
            "ami": "ami-0866a3c8686eaeeba",
            "arn": "arn:aws:ec2:us-east-1:242201305073:instance/i-0b712f2edff4aceea",
            "associate_public_ip_address": true,
            "availability_zone": "us-east-1a",
            "capacity_reservation_specification": [
              {
                "capacity_reservation_preference": "open",
                "capacity_reservation_target": []
              }
            ],
            "cpu_core_count": 1,
            "cpu_threads_per_core": 1,
            "credit_specification": [
              {
                "cpu_credits": "standard"
              }
            ],
            "disable_api_termination": false,
            "ebs_block_device": [],
            "ebs_optimized": false,
            "enclave_options": [
              {
                "enabled": false
              }
            ],
            "ephemeral_block_device": [],
            "get_password_data": false,
            "hibernation": false,
            "host_id": null,
            "iam_instance_profile": "",
            "id": "i-0b712f2edff4aceea",
            "instance_initiated_shutdown_behavior": "stop",
            "instance_state": "running",
            "instance_type": "t2.micro",
            "ipv6_address_count": 0,
            "ipv6_addresses": [],
            "key_name": "deployer_key",
            "launch_template": [],
            "metadata_options": [
              {
                "http_endpoint": "enabled",
                "http_put_response_hop_limit": 2,
                "http_tokens": "required",
                "instance_metadata_tags": "disabled"
              }
            ],
            "monitoring": false,
            "network_interface": [],
            "outpost_arn": "",
            "password_data": "",
            "placement_group": "",
            "placement_partition_number": null,
            "primary_network_interface_id": "eni-05c2e34d4cbf4a17f",
            "private_dns": "ip-10-0-1-53.ec2.internal",
            "private_ip": "10.0.1.53",
            "public_dns": "ec2-3-235-165-151.compute-1.amazonaws.com",
            "public_ip": "3.235.165.151",
            "root_block_device": [
              {
                "delete_on_termination": true,
                "device_name": "/dev/sda1",
                "encrypted": false,
                "iops": 3000,
                "kms_key_id": "",
                "tags": {},
                "throughput": 125,
                "volume_id": "vol-0dfe59879af112a15",
                "volume_size": 8,
                "volume_type": "gp3"
              }
            ],
            "secondary_private_ips": [],
            "security_groups": [],
            "source_dest_check": true,
            "subnet_id": "subnet-0c336320eb190d4b4",
            "tags": {
              "Name": "PublicInstance"
            },
            "tags_all": {
              "Name": "PublicInstance"
            },
            "tenancy": "default",
            "timeouts": null,
            "user_data": "18a8123bf0bc6dabef96b463f1bb8606b63f404e",
            "user_data_base64": null,
            "volume_tags": null,
            "vpc_security_group_ids": [
              "sg-0d28e1ef7be5c1048"
            ]
          },
          "sensitive_attributes": [],
          "private": "eyJlMmJmYjczMC1lY2FhLTExZTYtOGY4OC0zNDM2M2JjN2M0YzAiOnsiY3JlYXRlIjo2MDAwMDAwMDAwMDAsImRlbGV0ZSI6MTIwMDAwMDAwMDAwMCwidXBkYXRlIjo2MDAwMDAwMDAwMDB9LCJzY2hlbWFfdmVyc2lvbiI6IjEifQ==",
          "dependencies": [
            "aws_key_pair.deployer_key",
            "aws_security_group.web_sg",
            "aws_subnet.public_subnet_1",
            "aws_vpc.tp_cloud_devops_vpc",
            "tls_private_key.example_ssh_key"
          ]
        }
      ]
    },
    {
      "mode": "managed",
      "type": "aws_internet_gateway",
      "name": "main_gateway",
      "provider": "provider[\"registry.terraform.io/hashicorp/aws\"]",
      "instances": [
        {
          "schema_version": 0,
          "attributes": {
            "arn": "arn:aws:ec2:us-east-1:242201305073:internet-gateway/igw-0b590b484f45607f2",
            "id": "igw-0b590b484f45607f2",
            "owner_id": "242201305073",
            "tags": {
              "Name": "MainInternetGateway"
            },
            "tags_all": {
              "Name": "MainInternetGateway"
            },
            "vpc_id": "vpc-0f378d0310c554d38"
          },
          "sensitive_attributes": [],
          "private": "bnVsbA==",
          "dependencies": [
            "aws_vpc.tp_cloud_devops_vpc"
          ]
        }
      ]
    },
    {
      "mode": "managed",
      "type": "aws_key_pair",
      "name": "deployer_key",
      "provider": "provider[\"registry.terraform.io/hashicorp/aws\"]",
      "instances": [
        {
          "schema_version": 1,
          "attributes": {
            "arn": "arn:aws:ec2:us-east-1:242201305073:key-pair/deployer_key",
            "fingerprint": "b6:67:eb:e9:3b:f7:5f:f0:a6:f6:e7:a4:d4:7f:e6:28",
            "id": "deployer_key",
            "key_name": "deployer_key",
            "key_name_prefix": "",
            "key_pair_id": "key-0a6f1fa1afbe59d7d",
            "public_key": "ssh-rsa AAAAB3NzaC1yc2EAAAADAQABAAABAQD5VcQCX2TzrsiMnvIYRiQegzVgqS2LGXzHpG7vsYjTzpuVG7XCs655lnD08twEBqK7SqH4sMrPIU9FgTlTOutfZxVqIBQDlY6bCmnOGXZNNQ9APZlyYz6PodTH6amnNhn1DnbLfOwaq43o1SagkJeOu4zu2EM0PY+9fdlMyAbdtAeqL+14OmFsYH8sLJNQnRPjHmc1yQHfVspQIN6/DD/sTgDF/GTNUz6aiBA5zkoLQSXjltPAQ+8L0tYfksODntvcAsSM0cdSh3Xo1rdb3SDYGY6opXfwwbd8vNNNwFknOSuf2SzA4CVM7o4ucgZz2QFjsWG9YUeNp1YOEgmh0139",
            "tags": {},
            "tags_all": {}
          },
          "sensitive_attributes": [],
          "private": "eyJzY2hlbWFfdmVyc2lvbiI6IjEifQ==",
          "dependencies": [
            "tls_private_key.example_ssh_key"
          ]
        }
      ]
    },
    {
      "mode": "managed",
      "type": "aws_route_table",
      "name": "public_route_table",
      "provider": "provider[\"registry.terraform.io/hashicorp/aws\"]",
      "instances": [
        {
          "schema_version": 0,
          "attributes": {
            "arn": "arn:aws:ec2:us-east-1:242201305073:route-table/rtb-069cac0c48d93113a",
            "id": "rtb-069cac0c48d93113a",
            "owner_id": "242201305073",
            "propagating_vgws": [],
            "route": [
              {
                "carrier_gateway_id": "",
                "cidr_block": "0.0.0.0/0",
                "destination_prefix_list_id": "",
                "egress_only_gateway_id": "",
                "gateway_id": "igw-0b590b484f45607f2",
                "instance_id": "",
                "ipv6_cidr_block": "",
                "local_gateway_id": "",
                "nat_gateway_id": "",
                "network_interface_id": "",
                "transit_gateway_id": "",
                "vpc_endpoint_id": "",
                "vpc_peering_connection_id": ""
              }
            ],
            "tags": {
              "Name": "PublicRouteTable"
            },
            "tags_all": {
              "Name": "PublicRouteTable"
            },
            "timeouts": null,
            "vpc_id": "vpc-0f378d0310c554d38"
          },
          "sensitive_attributes": [],
          "private": "eyJlMmJmYjczMC1lY2FhLTExZTYtOGY4OC0zNDM2M2JjN2M0YzAiOnsiY3JlYXRlIjozMDAwMDAwMDAwMDAsImRlbGV0ZSI6MzAwMDAwMDAwMDAwLCJ1cGRhdGUiOjEyMDAwMDAwMDAwMH19",
          "dependencies": [
            "aws_internet_gateway.main_gateway",
            "aws_vpc.tp_cloud_devops_vpc"
          ]
        }
      ]
    },
    {
      "mode": "managed",
      "type": "aws_route_table_association",
      "name": "public_rta1",
      "provider": "provider[\"registry.terraform.io/hashicorp/aws\"]",
      "instances": [
        {
          "schema_version": 0,
          "attributes": {
            "gateway_id": "",
            "id": "rtbassoc-07a25312de7c76ea0",
            "route_table_id": "rtb-069cac0c48d93113a",
            "subnet_id": "subnet-0c336320eb190d4b4"
          },
          "sensitive_attributes": [],
          "private": "bnVsbA==",
          "dependencies": [
            "aws_internet_gateway.main_gateway",
            "aws_route_table.public_route_table",
            "aws_subnet.public_subnet_1",
            "aws_vpc.tp_cloud_devops_vpc"
          ]
        }
      ]
    },
    {
      "mode": "managed",
      "type": "aws_route_table_association",
      "name": "public_rta2",
      "provider": "provider[\"registry.terraform.io/hashicorp/aws\"]",
      "instances": [
        {
          "schema_version": 0,
          "attributes": {
            "gateway_id": "",
            "id": "rtbassoc-0c8f0bd102b33765a",
            "route_table_id": "rtb-069cac0c48d93113a",
            "subnet_id": "subnet-01e39088dcadadfb1"
          },
          "sensitive_attributes": [],
          "private": "bnVsbA==",
          "dependencies": [
            "aws_internet_gateway.main_gateway",
            "aws_route_table.public_route_table",
            "aws_subnet.public_subnet_2",
            "aws_vpc.tp_cloud_devops_vpc"
          ]
        }
      ]
    },
    {
      "mode": "managed",
      "type": "aws_s3_bucket_object",
      "name": "private_key_object",
      "provider": "provider[\"registry.terraform.io/hashicorp/aws\"]",
      "instances": [
        {
          "schema_version": 0,
          "attributes": {
            "acl": "private",
            "bucket": "custom-terraform-state-bucket-123456-06e3f585",
            "bucket_key_enabled": false,
            "cache_control": "",
            "content": "-----BEGIN RSA PRIVATE KEY-----\nMIIEpQIBAAKCAQEA+VXEAl9k867IjJ7yGEYkHoM1YKktixl8x6Ru77GI086blRu1\nwrOueZZw9PLcBAaiu0qh+LDKzyFPRYE5UzrrX2cVaiAUA5WOmwppzhl2TTUPQD2Z\ncmM+j6HUx+mppzYZ9Q52y3zsGquN6NUmoJCXjruM7thDND2PvX3ZTMgG3bQHqi/t\neDphbGB/LCyTUJ0T4x5nNckB31bKUCDevww/7E4AxfxkzVM+mogQOc5KC0El45bT\nwEPvC9LWH5LDg57b3ALEjNHHUod16Na3W90g2BmOqKV38MG3fLzTTcBZJzkrn9ks\nwOAlTO6OLnIGc9kBY7FhvWFHjadWDhIJodNd/QIDAQABAoIBAQDzBAjbVycJ651E\nkdbcmeCybKgl4j6liN35p+cIcD0wU/uIRU3Oy1qO33aRB/QxaFZLvd5IiefiIlEl\nKWI6IP8wKUTR/xoCtE4eBvRBEMghUEnhDyj0OI7NZ6oAf1n/w9dg5gwbIVLuW68g\n9D+F1+ggEeS3FsnJrQbgZjzZfUxT4CvqBR5XWE5nsUNoxtLEA+wDvT/oQqknZXbc\nT+yy/Wk0F2JJRgNLUtGhQTfaMY9Ukofs1Z0CNRm3baHiXLD4VUllVJaM1Czpylc4\nyAPs34K5o3NcYTYgq3nfcGwz39TDYnk2nwBjXezRzGb4wpwuwn4ILpPLds5v9ooO\nb6kbvptxAoGBAP0tLik5NLkzwAGmT2VFejo1czMUFuflkye3LzBh8wzX3/lw6daT\nQWrX4m19qd/F4QqufFtwDC6a3OAm2YOLZaHs+W63d7tknyXaXeMXt7abHicZNXQz\n3GfZp+czOyxfTPlnpqtE03BKwGcHySXYlnPDHQ8VVqrnhE/8tqmvN1VrAoGBAPwd\nnjI7wda2Flqx/RFFvCOhi1G8JQnbLratX1yPv4VgkzH0zgVAiafRpAMZmQC++sWe\nwgkGxWLuEd2auSPtXIkqLuFpAL8h9pu+IJt/JIju3riQ4Mh2qEEubjd6/rhJT/iZ\neQ/9v2eQRlMemxIjEHwsvIt+jwVWM7hQMRpLjQw3AoGBAJVFPiIwCFXpnRtb4xPi\nkt4fBXzoK1kukkSoTLpKBfNclEGNwVEyIS/NeUL1BGNbWAPkPI3s0kHoLLI8NaLJ\nXXLLNYWBxqZF/U9kIFb0dOzFKFIFGu8YZKsWOVinbAwNZGToJ+xy9/cNG8OjY4Vc\n3dgDAe8StbauKeS/KzOAiy9hAoGBAOL530SmW/rr7/AzMfzs5VbGx2EMm+Pluoao\nS6RPnkN8EMj29svvsH6v1JMd5ouvZKGqLlJmECri3p69/1SDC75Jhe9V02BAOX85\niq2zp7bIJyfO9zBC83PLU1sLlmtfRWow8bcd4cZhM479jOqlOuAwfoavqB9L3kBf\nofVkc1W9AoGAROP+E2MbKSgq0hv4C8BfD1TAE4dMd9NvoYRWN5uDn/eRegEmh70O\n9X+DrTEryEUQBKgbVGgb5PBnCkCx6+PH72bl6EEQqVl/wgE7REkQ5SUU4hSCldJ9\ncPmruuUVB74CMzpVXiMyEFCBxC78XoN+CqfX5r2THAHEY0giafK/bto=\n-----END RSA PRIVATE KEY-----\n",
            "content_base64": null,
            "content_disposition": "",
            "content_encoding": "",
            "content_language": "",
            "content_type": "binary/octet-stream",
            "etag": "d8f02552b935cea1ce04b0035c5ebf50",
            "force_destroy": false,
            "id": "deployer_key.pem",
            "key": "deployer_key.pem",
            "kms_key_id": null,
            "metadata": {},
            "object_lock_legal_hold_status": "",
            "object_lock_mode": "",
            "object_lock_retain_until_date": "",
            "server_side_encryption": "AES256",
            "source": null,
            "source_hash": null,
            "storage_class": "STANDARD",
            "tags": {},
            "tags_all": {},
            "version_id": "NGuBMpYacs8XEcETB5_wv3y5HYTl7_P9",
            "website_redirect": ""
          },
          "sensitive_attributes": [
            [
              {
                "type": "get_attr",
                "value": "content"
              }
            ]
          ],
          "private": "bnVsbA==",
          "dependencies": [
            "tls_private_key.example_ssh_key"
          ]
        }
      ]
    },
    {
      "mode": "managed",
      "type": "aws_security_group",
      "name": "web_sg",
      "provider": "provider[\"registry.terraform.io/hashicorp/aws\"]",
      "instances": [
        {
          "schema_version": 1,
          "attributes": {
            "arn": "arn:aws:ec2:us-east-1:242201305073:security-group/sg-0d28e1ef7be5c1048",
            "description": "Security group for web server and SSH access",
            "egress": [
              {
                "cidr_blocks": [
                  "0.0.0.0/0"
                ],
                "description": "",
                "from_port": 0,
                "ipv6_cidr_blocks": [],
                "prefix_list_ids": [],
                "protocol": "-1",
                "security_groups": [],
                "self": false,
                "to_port": 0
              }
            ],
            "id": "sg-0d28e1ef7be5c1048",
            "ingress": [
              {
                "cidr_blocks": [
                  "0.0.0.0/0"
                ],
                "description": "",
                "from_port": 22,
                "ipv6_cidr_blocks": [],
                "prefix_list_ids": [],
                "protocol": "tcp",
                "security_groups": [],
                "self": false,
                "to_port": 22
              },
              {
                "cidr_blocks": [
                  "0.0.0.0/0"
                ],
                "description": "",
                "from_port": 8080,
                "ipv6_cidr_blocks": [],
                "prefix_list_ids": [],
                "protocol": "tcp",
                "security_groups": [],
                "self": false,
                "to_port": 8080
              },
              {
                "cidr_blocks": [
                  "0.0.0.0/0"
                ],
                "description": "",
                "from_port": 80,
                "ipv6_cidr_blocks": [],
                "prefix_list_ids": [],
                "protocol": "tcp",
                "security_groups": [],
                "self": false,
                "to_port": 80
              }
            ],
            "name": "web-server-sg",
            "name_prefix": "",
            "owner_id": "242201305073",
            "revoke_rules_on_delete": false,
            "tags": {},
            "tags_all": {},
            "timeouts": null,
            "vpc_id": "vpc-0f378d0310c554d38"
          },
          "sensitive_attributes": [],
          "private": "eyJlMmJmYjczMC1lY2FhLTExZTYtOGY4OC0zNDM2M2JjN2M0YzAiOnsiY3JlYXRlIjo2MDAwMDAwMDAwMDAsImRlbGV0ZSI6OTAwMDAwMDAwMDAwfSwic2NoZW1hX3ZlcnNpb24iOiIxIn0=",
          "dependencies": [
            "aws_vpc.tp_cloud_devops_vpc"
          ]
        }
      ]
    },
    {
      "mode": "managed",
      "type": "aws_security_group_rule",
      "name": "allow_all_outbound",
      "provider": "provider[\"registry.terraform.io/hashicorp/aws\"]",
      "instances": [
        {
          "schema_version": 2,
          "attributes": {
            "cidr_blocks": [
              "0.0.0.0/0"
            ],
            "description": "",
            "from_port": 0,
            "id": "sgrule-1766888053",
            "ipv6_cidr_blocks": [],
            "prefix_list_ids": [],
            "protocol": "-1",
            "security_group_id": "sg-0d28e1ef7be5c1048",
            "self": false,
            "source_security_group_id": null,
            "to_port": 0,
            "type": "egress"
          },
          "sensitive_attributes": [],
          "private": "eyJzY2hlbWFfdmVyc2lvbiI6IjIifQ==",
          "dependencies": [
            "aws_security_group.web_sg",
            "aws_vpc.tp_cloud_devops_vpc"
          ]
        }
      ]
    },
    {
      "mode": "managed",
      "type": "aws_security_group_rule",
      "name": "allow_web_http_inbound",
      "provider": "provider[\"registry.terraform.io/hashicorp/aws\"]",
      "instances": [
        {
          "schema_version": 2,
          "attributes": {
            "cidr_blocks": [
              "0.0.0.0/0"
            ],
            "description": "",
            "from_port": 8080,
            "id": "sgrule-997889783",
            "ipv6_cidr_blocks": [],
            "prefix_list_ids": [],
            "protocol": "tcp",
            "security_group_id": "sg-0d28e1ef7be5c1048",
            "self": false,
            "source_security_group_id": null,
            "to_port": 8080,
            "type": "ingress"
          },
          "sensitive_attributes": [],
          "private": "eyJzY2hlbWFfdmVyc2lvbiI6IjIifQ==",
          "dependencies": [
            "aws_security_group.web_sg",
            "aws_vpc.tp_cloud_devops_vpc"
          ]
        }
      ]
    },
    {
      "mode": "managed",
      "type": "aws_security_group_rule",
      "name": "allow_web_http_inbound_80",
      "provider": "provider[\"registry.terraform.io/hashicorp/aws\"]",
      "instances": [
        {
          "schema_version": 2,
          "attributes": {
            "cidr_blocks": [
              "0.0.0.0/0"
            ],
            "description": "",
            "from_port": 80,
            "id": "sgrule-4287144209",
            "ipv6_cidr_blocks": [],
            "prefix_list_ids": [],
            "protocol": "tcp",
            "security_group_id": "sg-0d28e1ef7be5c1048",
            "self": false,
            "source_security_group_id": null,
            "to_port": 80,
            "type": "ingress"
          },
          "sensitive_attributes": [],
          "private": "eyJzY2hlbWFfdmVyc2lvbiI6IjIifQ==",
          "dependencies": [
            "aws_security_group.web_sg",
            "aws_vpc.tp_cloud_devops_vpc"
          ]
        }
      ]
    },
    {
      "mode": "managed",
      "type": "aws_security_group_rule",
      "name": "allow_web_ssh_inbound",
      "provider": "provider[\"registry.terraform.io/hashicorp/aws\"]",
      "instances": [
        {
          "schema_version": 2,
          "attributes": {
            "cidr_blocks": [
              "0.0.0.0/0"
            ],
            "description": "",
            "from_port": 22,
            "id": "sgrule-1224932516",
            "ipv6_cidr_blocks": [],
            "prefix_list_ids": [],
            "protocol": "tcp",
            "security_group_id": "sg-0d28e1ef7be5c1048",
            "self": false,
            "source_security_group_id": null,
            "to_port": 22,
            "type": "ingress"
          },
          "sensitive_attributes": [],
          "private": "eyJzY2hlbWFfdmVyc2lvbiI6IjIifQ==",
          "dependencies": [
            "aws_security_group.web_sg",
            "aws_vpc.tp_cloud_devops_vpc"
          ]
        }
      ]
    },
    {
      "mode": "managed",
      "type": "aws_subnet",
      "name": "public_subnet_1",
      "provider": "provider[\"registry.terraform.io/hashicorp/aws\"]",
      "instances": [
        {
          "schema_version": 1,
          "attributes": {
            "arn": "arn:aws:ec2:us-east-1:242201305073:subnet/subnet-0c336320eb190d4b4",
            "assign_ipv6_address_on_creation": false,
            "availability_zone": "us-east-1a",
            "availability_zone_id": "use1-az1",
            "cidr_block": "10.0.1.0/24",
            "customer_owned_ipv4_pool": "",
            "enable_dns64": false,
            "enable_resource_name_dns_a_record_on_launch": false,
            "enable_resource_name_dns_aaaa_record_on_launch": false,
            "id": "subnet-0c336320eb190d4b4",
            "ipv6_cidr_block": "",
            "ipv6_cidr_block_association_id": "",
            "ipv6_native": false,
            "map_customer_owned_ip_on_launch": false,
            "map_public_ip_on_launch": true,
            "outpost_arn": "",
            "owner_id": "242201305073",
            "private_dns_hostname_type_on_launch": "ip-name",
            "tags": {
              "Name": "PublicSubnet1"
            },
            "tags_all": {
              "Name": "PublicSubnet1"
            },
            "timeouts": null,
            "vpc_id": "vpc-0f378d0310c554d38"
          },
          "sensitive_attributes": [],
          "private": "eyJlMmJmYjczMC1lY2FhLTExZTYtOGY4OC0zNDM2M2JjN2M0YzAiOnsiY3JlYXRlIjo2MDAwMDAwMDAwMDAsImRlbGV0ZSI6MTIwMDAwMDAwMDAwMH0sInNjaGVtYV92ZXJzaW9uIjoiMSJ9",
          "dependencies": [
            "aws_vpc.tp_cloud_devops_vpc"
          ]
        }
      ]
    },
    {
      "mode": "managed",
      "type": "aws_subnet",
      "name": "public_subnet_2",
      "provider": "provider[\"registry.terraform.io/hashicorp/aws\"]",
      "instances": [
        {
          "schema_version": 1,
          "attributes": {
            "arn": "arn:aws:ec2:us-east-1:242201305073:subnet/subnet-01e39088dcadadfb1",
            "assign_ipv6_address_on_creation": false,
            "availability_zone": "us-east-1b",
            "availability_zone_id": "use1-az2",
            "cidr_block": "10.0.2.0/24",
            "customer_owned_ipv4_pool": "",
            "enable_dns64": false,
            "enable_resource_name_dns_a_record_on_launch": false,
            "enable_resource_name_dns_aaaa_record_on_launch": false,
            "id": "subnet-01e39088dcadadfb1",
            "ipv6_cidr_block": "",
            "ipv6_cidr_block_association_id": "",
            "ipv6_native": false,
            "map_customer_owned_ip_on_launch": false,
            "map_public_ip_on_launch": true,
            "outpost_arn": "",
            "owner_id": "242201305073",
            "private_dns_hostname_type_on_launch": "ip-name",
            "tags": {
              "Name": "PublicSubnet2"
            },
            "tags_all": {
              "Name": "PublicSubnet2"
            },
            "timeouts": null,
            "vpc_id": "vpc-0f378d0310c554d38"
          },
          "sensitive_attributes": [],
          "private": "eyJlMmJmYjczMC1lY2FhLTExZTYtOGY4OC0zNDM2M2JjN2M0YzAiOnsiY3JlYXRlIjo2MDAwMDAwMDAwMDAsImRlbGV0ZSI6MTIwMDAwMDAwMDAwMH0sInNjaGVtYV92ZXJzaW9uIjoiMSJ9",
          "dependencies": [
            "aws_vpc.tp_cloud_devops_vpc"
          ]
        }
      ]
    },
    {
      "mode": "managed",
      "type": "aws_vpc",
      "name": "tp_cloud_devops_vpc",
      "provider": "provider[\"registry.terraform.io/hashicorp/aws\"]",
      "instances": [
        {
          "schema_version": 1,
          "attributes": {
            "arn": "arn:aws:ec2:us-east-1:242201305073:vpc/vpc-0f378d0310c554d38",
            "assign_generated_ipv6_cidr_block": false,
            "cidr_block": "10.0.0.0/16",
            "default_network_acl_id": "acl-098b0f0531b9ad872",
            "default_route_table_id": "rtb-0bc51e5522aea98ea",
            "default_security_group_id": "sg-092bd2f64af3b2751",
            "dhcp_options_id": "dopt-0bc22147da09bc533",
            "enable_classiclink": false,
            "enable_classiclink_dns_support": false,
            "enable_dns_hostnames": true,
            "enable_dns_support": true,
            "id": "vpc-0f378d0310c554d38",
            "instance_tenancy": "default",
            "ipv4_ipam_pool_id": null,
            "ipv4_netmask_length": null,
            "ipv6_association_id": "",
            "ipv6_cidr_block": "",
            "ipv6_cidr_block_network_border_group": "",
            "ipv6_ipam_pool_id": "",
            "ipv6_netmask_length": 0,
            "main_route_table_id": "rtb-0bc51e5522aea98ea",
            "owner_id": "242201305073",
            "tags": {
              "Name": "tp_cloud_devops_vpc"
            },
            "tags_all": {
              "Name": "tp_cloud_devops_vpc"
            }
          },
          "sensitive_attributes": [],
          "private": "eyJzY2hlbWFfdmVyc2lvbiI6IjEifQ=="
        }
      ]
    },
    {
      "mode": "managed",
      "type": "tls_private_key",
      "name": "example_ssh_key",
      "provider": "provider[\"registry.terraform.io/hashicorp/tls\"]",
      "instances": [
        {
          "schema_version": 0,
          "attributes": {
            "algorithm": "RSA",
            "ecdsa_curve": "P224",
            "id": "720699b6b11586b0f0223b293c9cb9997c993482",
            "private_key_openssh": "-----BEGIN OPENSSH PRIVATE KEY-----\nb3BlbnNzaC1rZXktdjEAAAAABG5vbmUAAAAEbm9uZQAAAAAAAAABAAABFwAAAAdz\nc2gtcnNhAAAAAwEAAQAAAQEA+VXEAl9k867IjJ7yGEYkHoM1YKktixl8x6Ru77GI\n086blRu1wrOueZZw9PLcBAaiu0qh+LDKzyFPRYE5UzrrX2cVaiAUA5WOmwppzhl2\nTTUPQD2ZcmM+j6HUx+mppzYZ9Q52y3zsGquN6NUmoJCXjruM7thDND2PvX3ZTMgG\n3bQHqi/teDphbGB/LCyTUJ0T4x5nNckB31bKUCDevww/7E4AxfxkzVM+mogQOc5K\nC0El45bTwEPvC9LWH5LDg57b3ALEjNHHUod16Na3W90g2BmOqKV38MG3fLzTTcBZ\nJzkrn9kswOAlTO6OLnIGc9kBY7FhvWFHjadWDhIJodNd/QAAA7g3oABiN6AAYgAA\nAAdzc2gtcnNhAAABAQD5VcQCX2TzrsiMnvIYRiQegzVgqS2LGXzHpG7vsYjTzpuV\nG7XCs655lnD08twEBqK7SqH4sMrPIU9FgTlTOutfZxVqIBQDlY6bCmnOGXZNNQ9A\nPZlyYz6PodTH6amnNhn1DnbLfOwaq43o1SagkJeOu4zu2EM0PY+9fdlMyAbdtAeq\nL+14OmFsYH8sLJNQnRPjHmc1yQHfVspQIN6/DD/sTgDF/GTNUz6aiBA5zkoLQSXj\nltPAQ+8L0tYfksODntvcAsSM0cdSh3Xo1rdb3SDYGY6opXfwwbd8vNNNwFknOSuf\n2SzA4CVM7o4ucgZz2QFjsWG9YUeNp1YOEgmh0139AAAAAwEAAQAAAQEA8wQI21cn\nCeudRJHW3JngsmyoJeI+pYjd+afnCHA9MFP7iEVNzstajt92kQf0MWhWS73eSInn\n4iJRJSliOiD/MClE0f8aArROHgb0QRDIIVBJ4Q8o9DiOzWeqAH9Z/8PXYOYMGyFS\n7luvIPQ/hdfoIBHktxbJya0G4GY82X1MU+Ar6gUeV1hOZ7FDaMbSxAPsA70/6EKp\nJ2V23E/ssv1pNBdiSUYDS1LRoUE32jGPVJKH7NWdAjUZt22h4lyw+FVJZVSWjNQs\n6cpXOMgD7N+CuaNzXGE2IKt533BsM9/Uw2J5Np8AY13s0cxm+MKcLsJ+CC6Ty3bO\nb/aKDm+pG76bcQAAAIBE4/4TYxspKCrSG/gLwF8PVMATh0x302+hhFY3m4Of95F6\nASaHvQ71f4OtMSvIRRAEqBtUaBvk8GcKQLHr48fvZuXoQRCpWX/CATtESRDlJRTi\nFIKV0n1w+au65RUHvgIzOlVeIzIQUIHELvxeg34Kp9fmvZMcAcRjSCJp8r9u2gAA\nAIEA/S0uKTk0uTPAAaZPZUV6OjVzMxQW5+WTJ7cvMGHzDNff+XDp1pNBatfibX2p\n38XhCq58W3AMLprc4CbZg4tloez5brd3u2SfJdpd4xe3tpseJxk1dDPcZ9mn5zM7\nLF9M+Wemq0TTcErAZwfJJdiWc8MdDxVWqueET/y2qa83VWsAAACBAPwdnjI7wda2\nFlqx/RFFvCOhi1G8JQnbLratX1yPv4VgkzH0zgVAiafRpAMZmQC++sWewgkGxWLu\nEd2auSPtXIkqLuFpAL8h9pu+IJt/JIju3riQ4Mh2qEEubjd6/rhJT/iZeQ/9v2eQ\nRlMemxIjEHwsvIt+jwVWM7hQMRpLjQw3AAAAAAEC\n-----END OPENSSH PRIVATE KEY-----\n",
            "private_key_pem": "-----BEGIN RSA PRIVATE KEY-----\nMIIEpQIBAAKCAQEA+VXEAl9k867IjJ7yGEYkHoM1YKktixl8x6Ru77GI086blRu1\nwrOueZZw9PLcBAaiu0qh+LDKzyFPRYE5UzrrX2cVaiAUA5WOmwppzhl2TTUPQD2Z\ncmM+j6HUx+mppzYZ9Q52y3zsGquN6NUmoJCXjruM7thDND2PvX3ZTMgG3bQHqi/t\neDphbGB/LCyTUJ0T4x5nNckB31bKUCDevww/7E4AxfxkzVM+mogQOc5KC0El45bT\nwEPvC9LWH5LDg57b3ALEjNHHUod16Na3W90g2BmOqKV38MG3fLzTTcBZJzkrn9ks\nwOAlTO6OLnIGc9kBY7FhvWFHjadWDhIJodNd/QIDAQABAoIBAQDzBAjbVycJ651E\nkdbcmeCybKgl4j6liN35p+cIcD0wU/uIRU3Oy1qO33aRB/QxaFZLvd5IiefiIlEl\nKWI6IP8wKUTR/xoCtE4eBvRBEMghUEnhDyj0OI7NZ6oAf1n/w9dg5gwbIVLuW68g\n9D+F1+ggEeS3FsnJrQbgZjzZfUxT4CvqBR5XWE5nsUNoxtLEA+wDvT/oQqknZXbc\nT+yy/Wk0F2JJRgNLUtGhQTfaMY9Ukofs1Z0CNRm3baHiXLD4VUllVJaM1Czpylc4\nyAPs34K5o3NcYTYgq3nfcGwz39TDYnk2nwBjXezRzGb4wpwuwn4ILpPLds5v9ooO\nb6kbvptxAoGBAP0tLik5NLkzwAGmT2VFejo1czMUFuflkye3LzBh8wzX3/lw6daT\nQWrX4m19qd/F4QqufFtwDC6a3OAm2YOLZaHs+W63d7tknyXaXeMXt7abHicZNXQz\n3GfZp+czOyxfTPlnpqtE03BKwGcHySXYlnPDHQ8VVqrnhE/8tqmvN1VrAoGBAPwd\nnjI7wda2Flqx/RFFvCOhi1G8JQnbLratX1yPv4VgkzH0zgVAiafRpAMZmQC++sWe\nwgkGxWLuEd2auSPtXIkqLuFpAL8h9pu+IJt/JIju3riQ4Mh2qEEubjd6/rhJT/iZ\neQ/9v2eQRlMemxIjEHwsvIt+jwVWM7hQMRpLjQw3AoGBAJVFPiIwCFXpnRtb4xPi\nkt4fBXzoK1kukkSoTLpKBfNclEGNwVEyIS/NeUL1BGNbWAPkPI3s0kHoLLI8NaLJ\nXXLLNYWBxqZF/U9kIFb0dOzFKFIFGu8YZKsWOVinbAwNZGToJ+xy9/cNG8OjY4Vc\n3dgDAe8StbauKeS/KzOAiy9hAoGBAOL530SmW/rr7/AzMfzs5VbGx2EMm+Pluoao\nS6RPnkN8EMj29svvsH6v1JMd5ouvZKGqLlJmECri3p69/1SDC75Jhe9V02BAOX85\niq2zp7bIJyfO9zBC83PLU1sLlmtfRWow8bcd4cZhM479jOqlOuAwfoavqB9L3kBf\nofVkc1W9AoGAROP+E2MbKSgq0hv4C8BfD1TAE4dMd9NvoYRWN5uDn/eRegEmh70O\n9X+DrTEryEUQBKgbVGgb5PBnCkCx6+PH72bl6EEQqVl/wgE7REkQ5SUU4hSCldJ9\ncPmruuUVB74CMzpVXiMyEFCBxC78XoN+CqfX5r2THAHEY0giafK/bto=\n-----END RSA PRIVATE KEY-----\n",
            "public_key_fingerprint_md5": "a3:ca:7d:e8:8c:df:6a:42:a2:c8:86:39:6e:9b:1d:aa",
            "public_key_fingerprint_sha256": "SHA256:RtlRz+LKmlXpoXJhIDLx+GBRhbFIdpXkT/pPi6MXU14",
            "public_key_openssh": "ssh-rsa AAAAB3NzaC1yc2EAAAADAQABAAABAQD5VcQCX2TzrsiMnvIYRiQegzVgqS2LGXzHpG7vsYjTzpuVG7XCs655lnD08twEBqK7SqH4sMrPIU9FgTlTOutfZxVqIBQDlY6bCmnOGXZNNQ9APZlyYz6PodTH6amnNhn1DnbLfOwaq43o1SagkJeOu4zu2EM0PY+9fdlMyAbdtAeqL+14OmFsYH8sLJNQnRPjHmc1yQHfVspQIN6/DD/sTgDF/GTNUz6aiBA5zkoLQSXjltPAQ+8L0tYfksODntvcAsSM0cdSh3Xo1rdb3SDYGY6opXfwwbd8vNNNwFknOSuf2SzA4CVM7o4ucgZz2QFjsWG9YUeNp1YOEgmh0139\n",
            "public_key_pem": "-----BEGIN PUBLIC KEY-----\nMIIBIjANBgkqhkiG9w0BAQEFAAOCAQ8AMIIBCgKCAQEA+VXEAl9k867IjJ7yGEYk\nHoM1YKktixl8x6Ru77GI086blRu1wrOueZZw9PLcBAaiu0qh+LDKzyFPRYE5Uzrr\nX2cVaiAUA5WOmwppzhl2TTUPQD2ZcmM+j6HUx+mppzYZ9Q52y3zsGquN6NUmoJCX\njruM7thDND2PvX3ZTMgG3bQHqi/teDphbGB/LCyTUJ0T4x5nNckB31bKUCDevww/\n7E4AxfxkzVM+mogQOc5KC0El45bTwEPvC9LWH5LDg57b3ALEjNHHUod16Na3W90g\n2BmOqKV38MG3fLzTTcBZJzkrn9kswOAlTO6OLnIGc9kBY7FhvWFHjadWDhIJodNd\n/QIDAQAB\n-----END PUBLIC KEY-----\n",
            "rsa_bits": 2048
          },
          "sensitive_attributes": [
            [
              {
                "type": "get_attr",
                "value": "private_key_openssh"
              }
            ],
            [
              {
                "type": "get_attr",
                "value": "private_key_pem"
              }
            ]
          ],
          "private": "bnVsbA=="
        }
      ]
    }
  ],
  "check_results": null
}
